
Microsoft Visual Studio Solution File, Format Version 12.00
# Visual Studio Version 16
VisualStudioVersion = 16.0.30320.27
MinimumVisualStudioVersion = 10.0.40219.1
Project("{FAE04EC0-301F-11D3-BF4B-00C04F79EFBC}") = "ApnCore_XPTO_OS", "ApnCore_XPTO_OS.csproj", "{2BD216FC-B311-4D96-963F-0125A1E6D8B1}"
EndProject
Global
	GlobalSection(SolutionConfigurationPlatforms) = preSolution
		Debug|Any CPU = Debug|Any CPU
		Release|Any CPU = Release|Any CPU
	EndGlobalSection
	GlobalSection(ProjectConfigurationPlatforms) = postSolution
		{2BD216FC-B311-4D96-963F-0125A1E6D8B1}.Debug|Any CPU.ActiveCfg = Debug|Any CPU
		{2BD216FC-B311-4D96-963F-0125A1E6D8B1}.Debug|Any CPU.Build.0 = Debug|Any CPU
		{2BD216FC-B311-4D96-963F-0125A1E6D8B1}.Release|Any CPU.ActiveCfg = Release|Any CPU
		{2BD216FC-B311-4D96-963F-0125A1E6D8B1}.Release|Any CPU.Build.0 = Release|Any CPU
	EndGlobalSection
	GlobalSection(SolutionProperties) = preSolution
		HideSolutionNode = FALSE
	EndGlobalSection
	GlobalSection(ExtensibilityGlobals) = postSolution
		SolutionGuid = {DC7368FA-FF1B-406C-85BD-0DC9381213C7}
	EndGlobalSection
EndGlobal
